
Microsoft Visual Studio Solution File, Format Version 12.00
# Visual Studio Version 17
VisualStudioVersion = 17.3.32901.215
MinimumVisualStudioVersion = 10.0.40219.1
Project("{FAE04EC0-301F-11D3-BF4B-00C04F79EFBC}") = "P2_2_1214057", "P2_2_1214057\P2_2_1214057.csproj", "{6170EA09-04E1-4B5F-8654-DEBDDAAB8302}"
EndProject
Global
	GlobalSection(SolutionConfigurationPlatforms) = preSolution
		Debug|Any CPU = Debug|Any CPU
		Release|Any CPU = Release|Any CPU
	EndGlobalSection
	GlobalSection(ProjectConfigurationPlatforms) = postSolution
		{6170EA09-04E1-4B5F-8654-DEBDDAAB8302}.Debug|Any CPU.ActiveCfg = Debug|Any CPU
		{6170EA09-04E1-4B5F-8654-DEBDDAAB8302}.Debug|Any CPU.Build.0 = Debug|Any CPU
		{6170EA09-04E1-4B5F-8654-DEBDDAAB8302}.Release|Any CPU.ActiveCfg = Release|Any CPU
		{6170EA09-04E1-4B5F-8654-DEBDDAAB8302}.Release|Any CPU.Build.0 = Release|Any CPU
	EndGlobalSection
	GlobalSection(SolutionProperties) = preSolution
		HideSolutionNode = FALSE
	EndGlobalSection
	GlobalSection(ExtensibilityGlobals) = postSolution
		SolutionGuid = {525DC303-51E4-4998-A7C0-DD6D812D497C}
	EndGlobalSection
EndGlobal
